{
	"name": "dev_share",
	"version": "1.0.0",
	"lockfileVersion": 1,
	"requires": true,
	"dependencies": {
		"@uirouter/angularjs": {
			"version": "1.0.29",
			"resolved": "https://registry.npmjs.org/@uirouter/angularjs/-/angularjs-1.0.29.tgz",
			"integrity": "sha512-RImWnBarNixkMto0o8stEaGwZmvhv5cnuOLXyMU2pY8MP2rgEF74ZNJTLeJCW14LR7XDUxVH8Mk8bPI6lxedmQ==",
			"requires": {
				"@uirouter/core": "6.0.7"
			}
		},
		"@uirouter/core": {
			"version": "6.0.7",
			"resolved": "https://registry.npmjs.org/@uirouter/core/-/core-6.0.7.tgz",
			"integrity": "sha512-KUTJxL+6q0PiBnFx4/Z+Hsyg0pSGiaW5yZQeJmUxknecjpTbnXkLU8H2EqRn9N2B+qDRa7Jg8RcgeNDPY72O1w=="
		},
		"angular": {
			"version": "1.5.8",
			"resolved": "https://registry.npmjs.org/angular/-/angular-1.5.8.tgz",
			"integrity": "sha1-klpTkrjCEtCVctxEbbfgEmTglMs="
		},
		"angular-animate": {
			"version": "1.8.2",
			"resolved": "https://registry.npmjs.org/angular-animate/-/angular-animate-1.8.2.tgz",
			"integrity": "sha512-Jbr9+grNMs9Kj57xuBU3Ju3NOPAjS1+g2UAwwDv7su1lt0/PLDy+9zEwDiu8C8xJceoTbmBNKiWGPJGBdCQLlA=="
		},
		"angular-bootstrap-confirm": {
			"version": "2.5.1",
			"resolved": "https://registry.npmjs.org/angular-bootstrap-confirm/-/angular-bootstrap-confirm-2.5.1.tgz",
			"integrity": "sha1-SquvGanyf4erB7I6QuERlEmzGUE="
		},
		"angular-br-filters": {
			"version": "0.7.0",
			"resolved": "https://registry.npmjs.org/angular-br-filters/-/angular-br-filters-0.7.0.tgz",
			"integrity": "sha1-IlvYLvaORs6GENnm1XzGZWw/fxQ=",
			"requires": {
				"br-masks": "^0.5.0"
			}
		},
		"angular-breadcrumb": {
			"version": "0.5.0",
			"resolved": "https://registry.npmjs.org/angular-breadcrumb/-/angular-breadcrumb-0.5.0.tgz",
			"integrity": "sha1-BYq+aYTxuC/2rDeIjvmvzLyPY7I="
		},
		"angular-drag-and-drop-lists": {
			"version": "2.1.0",
			"resolved": "https://registry.npmjs.org/angular-drag-and-drop-lists/-/angular-drag-and-drop-lists-2.1.0.tgz",
			"integrity": "sha1-2hDMhcgEJR+6qoTYN/c4D7DNeA8="
		},
		"angular-file-upload": {
			"version": "2.6.1",
			"resolved": "https://registry.npmjs.org/angular-file-upload/-/angular-file-upload-2.6.1.tgz",
			"integrity": "sha512-DFWqoSTSRWSyywibJ5FGz4kjqohmF7ICPGhy0XqU0Wv2regIou9JJQr9XwtBlIF/65n8KJcbgKzL6Drmv8auYg=="
		},
		"angular-filter": {
			"version": "0.5.17",
			"resolved": "https://registry.npmjs.org/angular-filter/-/angular-filter-0.5.17.tgz",
			"integrity": "sha1-YMDHOA/UWHLLjxCAHP4H4VQGKTU=",
			"requires": {
				"angular": "*"
			}
		},
		"angular-input-masks": {
			"version": "4.4.1",
			"resolved": "https://registry.npmjs.org/angular-input-masks/-/angular-input-masks-4.4.1.tgz",
			"integrity": "sha512-gY1rhev/07EO82UU6H1ENdYdI2yzfYXIb04JOW9Un4pWXhQ7sfsLp/jx10D8QZs7qwEa3/vHU3RdHLhpBtkjYA==",
			"requires": {
				"br-validations": "^0.3.1",
				"date-fns": "2.0.0-alpha.7",
				"string-mask": "^0.3.0"
			}
		},
		"angular-loading-bar": {
			"version": "0.9.0",
			"resolved": "https://registry.npmjs.org/angular-loading-bar/-/angular-loading-bar-0.9.0.tgz",
			"integrity": "sha1-N+9Swl8QLCFuezzf0vxaXflijkU="
		},
		"angular-local-storage": {
			"version": "0.7.1",
			"resolved": "https://registry.npmjs.org/angular-local-storage/-/angular-local-storage-0.7.1.tgz",
			"integrity": "sha1-+9JzB2PCn6mvVyXgGGx4BiHozdI="
		},
		"angular-md5": {
			"version": "0.1.10",
			"resolved": "https://registry.npmjs.org/angular-md5/-/angular-md5-0.1.10.tgz",
			"integrity": "sha1-fLbH1cHQQB/+mHGhF4SfA8LMSGM="
		},
		"angular-messages": {
			"version": "1.8.2",
			"resolved": "https://registry.npmjs.org/angular-messages/-/angular-messages-1.8.2.tgz",
			"integrity": "sha512-M1qNh/30cLJi4yJJ+3YB8saPonRcavz5Dquqz0T/aUySKJhIkUoeCkmF+BcLH4SJ5PBp04yy4CZUUeNRVi7jZA=="
		},
		"angular-motion": {
			"version": "0.4.4",
			"resolved": "https://registry.npmjs.org/angular-motion/-/angular-motion-0.4.4.tgz",
			"integrity": "sha1-/EozZDOD697cI5ZEaLYMJqMC8jg="
		},
		"angular-pdf": {
			"version": "2.0.0",
			"resolved": "https://registry.npmjs.org/angular-pdf/-/angular-pdf-2.0.0.tgz",
			"integrity": "sha1-bz/TnNDSIpujxaIbkZFTJLMA1vg="
		},
		"angular-pdfjs-viewer": {
			"version": "2.0.1",
			"resolved": "https://registry.npmjs.org/angular-pdfjs-viewer/-/angular-pdfjs-viewer-2.0.1.tgz",
			"integrity": "sha1-KnYVcp/UC9/01vHeVVyY6aES4Mc=",
			"requires": {
				"bower": "^1.8.2"
			}
		},
		"angular-sanitize": {
			"version": "1.8.2",
			"resolved": "https://registry.npmjs.org/angular-sanitize/-/angular-sanitize-1.8.2.tgz",
			"integrity": "sha512-OB6Goa+QN3byf5asQ7XRl7DKZejm/F/ZOqa9z1skqYVOWA2hoBxoCmt9E7+i7T/TbxZP5zYzKxNZVVJNu860Hg=="
		},
		"angular-scroll": {
			"version": "1.0.2",
			"resolved": "https://registry.npmjs.org/angular-scroll/-/angular-scroll-1.0.2.tgz",
			"integrity": "sha1-J2j/NdvhzkDgw/vt1FNIiCmcPi0="
		},
		"angular-spinkit": {
			"version": "0.3.4",
			"resolved": "https://registry.npmjs.org/angular-spinkit/-/angular-spinkit-0.3.4.tgz",
			"integrity": "sha1-9EoTt4fPUlb/PJ67IyevMVEs5xU="
		},
		"angular-strap": {
			"version": "2.3.12",
			"resolved": "https://registry.npmjs.org/angular-strap/-/angular-strap-2.3.12.tgz",
			"integrity": "sha1-+uIWVc13B5Zxv5GKt+1iJ3gwYvo="
		},
		"angular-svg-round-progressbar": {
			"version": "6.0.0",
			"resolved": "https://registry.npmjs.org/angular-svg-round-progressbar/-/angular-svg-round-progressbar-6.0.0.tgz",
			"integrity": "sha512-sdDsYUn+efzwf2shbtXaytW60b1u9rONU7jKSFym5mU9bfdTqwDc6Ow87fXbMdFl1aydsaf5GbPMZAZoD++kOA==",
			"requires": {
				"tslib": "^2.0.0"
			}
		},
		"angular-timeago": {
			"version": "0.4.6",
			"resolved": "https://registry.npmjs.org/angular-timeago/-/angular-timeago-0.4.6.tgz",
			"integrity": "sha512-7XaRPNDOYn8+6ZhT/CUugGXsxzqZ5FqOwvamgf1D0A53sdEyRxG0qAL5rDhpaXamk3QxHARygcavf+tdUOF1/A==",
			"requires": {
				"angular": "^1.2.10"
			}
		},
		"angular-toastr": {
			"version": "2.1.1",
			"resolved": "https://registry.npmjs.org/angular-toastr/-/angular-toastr-2.1.1.tgz",
			"integrity": "sha1-n4NQykghRaRNARp1W4+zYj1gVEw="
		},
		"angular-ui-bootstrap": {
			"version": "2.5.6",
			"resolved": "https://registry.npmjs.org/angular-ui-bootstrap/-/angular-ui-bootstrap-2.5.6.tgz",
			"integrity": "sha512-yzcHpPMLQl0232nDzm5P4iAFTFQ9dMw0QgFLuKYbDj9M0xJ62z0oudYD/Lvh1pWfRsukiytP4Xj6BHOSrSXP8A=="
		},
		"angular-ui-mask": {
			"version": "1.8.7",
			"resolved": "https://registry.npmjs.org/angular-ui-mask/-/angular-ui-mask-1.8.7.tgz",
			"integrity": "sha1-KTWugjRa3tYOe4yZfzkC37jtRls="
		},
		"angular-ui-router": {
			"version": "0.2.18",
			"resolved": "https://registry.npmjs.org/angular-ui-router/-/angular-ui-router-0.2.18.tgz",
			"integrity": "sha1-Ha1wQVxz1wRv0uEw3wPWL7dGQ2A=",
			"requires": {
				"angular": "^1.0.8"
			}
		},
		"angular-ui-router-anim-in-out": {
			"version": "1.0.2",
			"resolved": "https://registry.npmjs.org/angular-ui-router-anim-in-out/-/angular-ui-router-anim-in-out-1.0.2.tgz",
			"integrity": "sha1-4t2hqHC5fMj5rjjaBrnwInH0l3M=",
			"requires": {
				"angular": "^1.4.7",
				"angular-animate": "^1.4.7",
				"angular-ui-router": "^0.2.15"
			}
		},
		"angular-ui-validate": {
			"version": "1.2.3",
			"resolved": "https://registry.npmjs.org/angular-ui-validate/-/angular-ui-validate-1.2.3.tgz",
			"integrity": "sha1-vrFB9kQJv926ZcEvdYG4k931kyE="
		},
		"angulartics": {
			"version": "1.6.0",
			"resolved": "https://registry.npmjs.org/angulartics/-/angulartics-1.6.0.tgz",
			"integrity": "sha512-fywhCi1InawcX+rpLv9NQ32Ed87KoZeH20SUIsRUz9dYJSxuk4/uxiKiopITveGxTC8THYHFEATj9Y/X+BvMqA=="
		},
		"angulartics-google-analytics": {
			"version": "0.5.0",
			"resolved": "https://registry.npmjs.org/angulartics-google-analytics/-/angulartics-google-analytics-0.5.0.tgz",
			"integrity": "sha512-5kj0WjwbY/tPX5igzBIQm0DhVS+2Dud52UGbC9T/+X1ZvmhwtV7zuc8m7+KwixFra3iq5csVjK23gr3k83/lpg=="
		},
		"bootstrap": {
			"version": "4.6.0",
			"resolved": "https://registry.npmjs.org/bootstrap/-/bootstrap-4.6.0.tgz",
			"integrity": "sha512-Io55IuQY3kydzHtbGvQya3H+KorS/M9rSNyfCGCg9WZ4pyT/lCxIlpJgG1GXW/PswzC84Tr2fBYi+7+jFVQQBw=="
		},
		"bootstrap-additions": {
			"version": "0.3.1",
			"resolved": "https://registry.npmjs.org/bootstrap-additions/-/bootstrap-additions-0.3.1.tgz",
			"integrity": "sha1-mrl2wtiLmrdHw3bHV6gAMfLM+D4="
		},
		"bootstrap-datepicker": {
			"version": "1.9.0",
			"resolved": "https://registry.npmjs.org/bootstrap-datepicker/-/bootstrap-datepicker-1.9.0.tgz",
			"integrity": "sha512-9rYYbaVOheGYxjOr/+bJCmRPihfy+LkLSg4fIFMT9Od8WwWB/MB50w0JO1eBgKUMbb7PFHQD5uAfI3ArAxZRXA==",
			"requires": {
				"jquery": ">=1.7.1 <4.0.0"
			}
		},
		"bootstrap-switch": {
			"version": "3.4.0",
			"resolved": "https://registry.npmjs.org/bootstrap-switch/-/bootstrap-switch-3.4.0.tgz",
			"integrity": "sha512-P4Qdx7mLjqgilKQeeuDCf8AHWeO7992+NFfh0doAA/ExaJqr02QFHhq18GL8EYd2XRviJ16pUUyMRsfOVaPEVg=="
		},
		"bower": {
			"version": "1.8.12",
			"resolved": "https://registry.npmjs.org/bower/-/bower-1.8.12.tgz",
			"integrity": "sha512-u1xy9SrwwoPlgjuHNjhV+YUPVdqyBj2ALBxuzeIUKXaPI2i2xypGgxqXkuHcITGdi5yBj5JuXgyMvgiWiS1S3Q=="
		},
		"br-masks": {
			"version": "0.5.0",
			"resolved": "https://registry.npmjs.org/br-masks/-/br-masks-0.5.0.tgz",
			"integrity": "sha1-31aRoABFFSl4WNtbnwp91TGtldw=",
			"requires": {
				"string-mask": "^0.3.0"
			}
		},
		"br-validations": {
			"version": "0.3.1",
			"resolved": "https://registry.npmjs.org/br-validations/-/br-validations-0.3.1.tgz",
			"integrity": "sha1-TkWk4HStruorfgiLwON63pt2Nk0="
		},
		"call-bind": {
			"version": "1.0.2",
			"resolved": "https://registry.npmjs.org/call-bind/-/call-bind-1.0.2.tgz",
			"integrity": "sha512-7O+FbCihrB5WGbFYesctwmTKae6rOiIzmz1icreWJ+0aA7LJfuqhEso2T9ncpcFtzMQtzXf2QGGueWJGTYsqrA==",
			"requires": {
				"function-bind": "^1.1.1",
				"get-intrinsic": "^1.0.2"
			}
		},
		"clone": {
			"version": "2.1.2",
			"resolved": "https://registry.npmjs.org/clone/-/clone-2.1.2.tgz",
			"integrity": "sha1-G39Ln1kfHo+DZwQBYANFoCiHQ18="
		},
		"components-jqueryui": {
			"version": "1.12.1",
			"resolved": "https://registry.npmjs.org/components-jqueryui/-/components-jqueryui-1.12.1.tgz",
			"integrity": "sha1-YXB28SjzvkwmXz4ttQRx75bNnO4="
		},
		"date-fns": {
			"version": "2.0.0-alpha.7",
			"resolved": "https://registry.npmjs.org/date-fns/-/date-fns-2.0.0-alpha.7.tgz",
			"integrity": "sha1-JFrRb5V2Tqur+ywKQf1dAzwg5Xo="
		},
		"deep-equal": {
			"version": "1.1.1",
			"resolved": "https://registry.npmjs.org/deep-equal/-/deep-equal-1.1.1.tgz",
			"integrity": "sha512-yd9c5AdiqVcR+JjcwUQb9DkhJc8ngNr0MahEBGvDiJw8puWab2yZlh+nkasOnZP+EGTAP6rRp2JzJhJZzvNF8g==",
			"requires": {
				"is-arguments": "^1.0.4",
				"is-date-object": "^1.0.1",
				"is-regex": "^1.0.4",
				"object-is": "^1.0.1",
				"object-keys": "^1.1.1",
				"regexp.prototype.flags": "^1.2.0"
			}
		},
		"define-properties": {
			"version": "1.1.3",
			"resolved": "https://registry.npmjs.org/define-properties/-/define-properties-1.1.3.tgz",
			"integrity": "sha512-3MqfYKj2lLzdMSf8ZIZE/V+Zuy+BgD6f164e8K2w7dgnpKArBDerGYpM46IYYcjnkdPNMjPk9A6VFB8+3SKlXQ==",
			"requires": {
				"object-keys": "^1.0.12"
			}
		},
		"eventemitter3": {
			"version": "2.0.3",
			"resolved": "https://registry.npmjs.org/eventemitter3/-/eventemitter3-2.0.3.tgz",
			"integrity": "sha1-teEHm1n7XhuidxwKmTvgYKWMmbo="
		},
		"extend": {
			"version": "3.0.2",
			"resolved": "https://registry.npmjs.org/extend/-/extend-3.0.2.tgz",
			"integrity": "sha512-fjquC59cD7CyW6urNXK0FBufkZcoiGG80wTuPujX590cB5Ttln20E2UB4S/WARVqhXffZl2LNgS+gQdPIIim/g=="
		},
		"fast-diff": {
			"version": "1.1.2",
			"resolved": "https://registry.npmjs.org/fast-diff/-/fast-diff-1.1.2.tgz",
			"integrity": "sha512-KaJUt+M9t1qaIteSvjc6P3RbMdXsNhK61GRftR6SNxqmhthcd9MGIi4T+o0jD8LUSpSnSKXE20nLtJ3fOHxQig=="
		},
		"font-awesome": {
			"version": "4.7.0",
			"resolved": "https://registry.npmjs.org/font-awesome/-/font-awesome-4.7.0.tgz",
			"integrity": "sha1-j6jPBBGhoxr9B7BtKQK7n8gVoTM="
		},
		"function-bind": {
			"version": "1.1.1",
			"resolved": "https://registry.npmjs.org/function-bind/-/function-bind-1.1.1.tgz",
			"integrity": "sha512-yIovAzMX49sF8Yl58fSCWJ5svSLuaibPxXQJFLmBObTuCr0Mf1KiPopGM9NiFjiYBCbfaa2Fh6breQ6ANVTI0A=="
		},
		"get-intrinsic": {
			"version": "1.1.1",
			"resolved": "https://registry.npmjs.org/get-intrinsic/-/get-intrinsic-1.1.1.tgz",
			"integrity": "sha512-kWZrnVM42QCiEA2Ig1bG8zjoIMOgxWwYCEeNdwY6Tv/cOSeGpcoX4pXHfKUxNKVoArnrEr2e9srnAxxGIraS9Q==",
			"requires": {
				"function-bind": "^1.1.1",
				"has": "^1.0.3",
				"has-symbols": "^1.0.1"
			}
		},
		"has": {
			"version": "1.0.3",
			"resolved": "https://registry.npmjs.org/has/-/has-1.0.3.tgz",
			"integrity": "sha512-f2dvO0VU6Oej7RkWJGrehjbzMAjFp5/VKPp5tTpWIV4JHHZK1/BxbFRtf/siA2SWTe09caDmVtYYzWEIbBS4zw==",
			"requires": {
				"function-bind": "^1.1.1"
			}
		},
		"has-symbols": {
			"version": "1.0.2",
			"resolved": "https://registry.npmjs.org/has-symbols/-/has-symbols-1.0.2.tgz",
			"integrity": "sha512-chXa79rL/UC2KlX17jo3vRGz0azaWEx5tGqZg5pO3NUyEJVB17dMruQlzCCOfUvElghKcm5194+BCRvi2Rv/Gw=="
		},
		"install": {
			"version": "0.13.0",
			"resolved": "https://registry.npmjs.org/install/-/install-0.13.0.tgz",
			"integrity": "sha512-zDml/jzr2PKU9I8J/xyZBQn8rPCAY//UOYNmR01XwNwyfhEWObo2SWfSl1+0tm1u6PhxLwDnfsT/6jB7OUxqFA=="
		},
		"is-arguments": {
			"version": "1.1.0",
			"resolved": "https://registry.npmjs.org/is-arguments/-/is-arguments-1.1.0.tgz",
			"integrity": "sha512-1Ij4lOMPl/xB5kBDn7I+b2ttPMKa8szhEIrXDuXQD/oe3HJLTLhqhgGspwgyGd6MOywBUqVvYicF72lkgDnIHg==",
			"requires": {
				"call-bind": "^1.0.0"
			}
		},
		"is-date-object": {
			"version": "1.0.2",
			"resolved": "https://registry.npmjs.org/is-date-object/-/is-date-object-1.0.2.tgz",
			"integrity": "sha512-USlDT524woQ08aoZFzh3/Z6ch9Y/EWXEHQ/AaRN0SkKq4t2Jw2R2339tSXmwuVoY7LLlBCbOIlx2myP/L5zk0g=="
		},
		"is-regex": {
			"version": "1.1.2",
			"resolved": "https://registry.npmjs.org/is-regex/-/is-regex-1.1.2.tgz",
			"integrity": "sha512-axvdhb5pdhEVThqJzYXwMlVuZwC+FF2DpcOhTS+y/8jVq4trxyPgfcwIxIKiyeuLlSQYKkmUaPQJ8ZE4yNKXDg==",
			"requires": {
				"call-bind": "^1.0.2",
				"has-symbols": "^1.0.1"
			}
		},
		"jquery": {
			"version": "3.6.0",
			"resolved": "https://registry.npmjs.org/jquery/-/jquery-3.6.0.tgz",
			"integrity": "sha512-JVzAR/AjBvVt2BmYhxRCSYysDsPcssdmTFnzyLEts9qNwmjmu4JTAMYubEfwVOSwpQ1I1sKKFcxhZCI2buerfw=="
		},
		"jquery-ui-touch-punch-amd": {
			"version": "1.0.1",
			"resolved": "https://registry.npmjs.org/jquery-ui-touch-punch-amd/-/jquery-ui-touch-punch-amd-1.0.1.tgz",
			"integrity": "sha512-aqBU7h2hU0R9/v2jD2HXXGK2xtJRM5+KZK+Ce8zOA79tYT9XrIbR2JTR3hK+9GEWV0FBLWuPA2n3Q81vvtlNPA=="
		},
		"lodash": {
			"version": "4.17.21",
			"resolved": "https://registry.npmjs.org/lodash/-/lodash-4.17.21.tgz",
			"integrity": "sha512-v2kDEe57lecTulaDIuNTPy3Ry4gLGJ6Z1O3vE1krgXZNrsQ+LFTGHVxVjcXPs17LhbZVGedAJv8XZ1tvj5FvSg=="
		},
		"moment": {
			"version": "2.29.1",
			"resolved": "https://registry.npmjs.org/moment/-/moment-2.29.1.tgz",
			"integrity": "sha512-kHmoybcPV8Sqy59DwNDY3Jefr64lK/by/da0ViFcuA4DH0vQg5Q6Ze5VimxkfQNSC+Mls/Kx53s7TjP1RhFEDQ=="
		},
		"ng-busy": {
			"version": "11.0.0",
			"resolved": "https://registry.npmjs.org/ng-busy/-/ng-busy-11.0.0.tgz",
			"integrity": "sha512-t8aZsT9xvqfpzZI3iSEhBQYGlo7cRn6F5ekLBSsVKHNJ1Wm+1GhnZ+hxnWVnGEUag55hsyrRnXvMUAYWYYvY6g==",
			"requires": {
				"tslib": "^2.0.3"
			}
		},
		"ng-pattern-restrict": {
			"version": "0.2.3",
			"resolved": "https://registry.npmjs.org/ng-pattern-restrict/-/ng-pattern-restrict-0.2.3.tgz",
			"integrity": "sha1-ZgZOz9nnZ5QwDPt+rpUiC6BpOF4="
		},
		"ng-quill": {
			"version": "4.5.3",
			"resolved": "https://registry.npmjs.org/ng-quill/-/ng-quill-4.5.3.tgz",
			"integrity": "sha512-xi9mLpeozRyOunDV6YCzGG9jrbQor+CFMaThXrSMH9iT7zf/fVkK7LfyraUkxzSCn9IDAQqX9E813/1SRHUrQg=="
		},
		"ng-tags-input": {
			"version": "3.2.0",
			"resolved": "https://registry.npmjs.org/ng-tags-input/-/ng-tags-input-3.2.0.tgz",
			"integrity": "sha1-kSgt5XUTDIq3lHl/6/CXKw87uj4="
		},
		"object-is": {
			"version": "1.1.5",
			"resolved": "https://registry.npmjs.org/object-is/-/object-is-1.1.5.tgz",
			"integrity": "sha512-3cyDsyHgtmi7I7DfSSI2LDp6SK2lwvtbg0p0R1e0RvTqF5ceGx+K2dfSjm1bKDMVCFEDAQvy+o8c6a7VujOddw==",
			"requires": {
				"call-bind": "^1.0.2",
				"define-properties": "^1.1.3"
			}
		},
		"object-keys": {
			"version": "1.1.1",
			"resolved": "https://registry.npmjs.org/object-keys/-/object-keys-1.1.1.tgz",
			"integrity": "sha512-NuAESUOUMrlIXOfHKzD6bpPu3tYt3xvjNdRIQ+FeT0lNb4K8WR70CaDxhuNguS2XG+GjkyMwOzsN5ZktImfhLA=="
		},
		"package": {
			"version": "1.0.1",
			"resolved": "https://registry.npmjs.org/package/-/package-1.0.1.tgz",
			"integrity": "sha1-0lofmeJQbcsn1nBLg9yooxLk7cw="
		},
		"parchment": {
			"version": "1.1.4",
			"resolved": "https://registry.npmjs.org/parchment/-/parchment-1.1.4.tgz",
			"integrity": "sha512-J5FBQt/pM2inLzg4hEWmzQx/8h8D0CiDxaG3vyp9rKrQRSDgBlhjdP5jQGgosEajXPSQouXGHOmVdgo7QmJuOg=="
		},
		"pdf.js-viewer": {
			"version": "0.2.8",
			"resolved": "https://registry.npmjs.org/pdf.js-viewer/-/pdf.js-viewer-0.2.8.tgz",
			"integrity": "sha1-8Gnc51vAav5iUsNfFZfyHAXf/vs="
		},
		"pdfjs-dist": {
			"version": "2.6.347",
			"resolved": "https://registry.npmjs.org/pdfjs-dist/-/pdfjs-dist-2.6.347.tgz",
			"integrity": "sha512-QC+h7hG2su9v/nU1wEI3SnpPIrqJODL7GTDFvR74ANKGq1AFJW16PH8VWnhpiTi9YcLSFV9xLeWSgq+ckHLdVQ=="
		},
		"quill": {
			"version": "1.3.7",
			"resolved": "https://registry.npmjs.org/quill/-/quill-1.3.7.tgz",
			"integrity": "sha512-hG/DVzh/TiknWtE6QmWAF/pxoZKYxfe3J/d/+ShUWkDvvkZQVTPeVmUJVu1uE6DDooC4fWTiCLh84ul89oNz5g==",
			"requires": {
				"clone": "^2.1.1",
				"deep-equal": "^1.0.1",
				"eventemitter3": "^2.0.3",
				"extend": "^3.0.2",
				"parchment": "^1.1.4",
				"quill-delta": "^3.6.2"
			}
		},
		"quill-delta": {
			"version": "3.6.3",
			"resolved": "https://registry.npmjs.org/quill-delta/-/quill-delta-3.6.3.tgz",
			"integrity": "sha512-wdIGBlcX13tCHOXGMVnnTVFtGRLoP0imqxM696fIPwIf5ODIYUHIvHbZcyvGlZFiFhK5XzDC2lpjbxRhnM05Tg==",
			"requires": {
				"deep-equal": "^1.0.1",
				"extend": "^3.0.2",
				"fast-diff": "1.1.2"
			}
		},
		"regexp.prototype.flags": {
			"version": "1.3.1",
			"resolved": "https://registry.npmjs.org/regexp.prototype.flags/-/regexp.prototype.flags-1.3.1.tgz",
			"integrity": "sha512-JiBdRBq91WlY7uRJ0ds7R+dU02i6LKi8r3BuQhNXn+kmeLN+EfHhfjqMRis1zJxnlu88hq/4dx0P2OP3APRTOA==",
			"requires": {
				"call-bind": "^1.0.2",
				"define-properties": "^1.1.3"
			}
		},
		"restangular": {
			"version": "1.6.1",
			"resolved": "https://registry.npmjs.org/restangular/-/restangular-1.6.1.tgz",
			"integrity": "sha1-rdF0PyfXewuKZS5khadgtiNO0CQ=",
			"requires": {
				"lodash": "~4.17.0"
			}
		},
		"string-mask": {
			"version": "0.3.0",
			"resolved": "https://registry.npmjs.org/string-mask/-/string-mask-0.3.0.tgz",
			"integrity": "sha1-nnJEuHuy9vlkfirJj5b6GlfCEZg="
		},
		"tslib": {
			"version": "2.1.0",
			"resolved": "https://registry.npmjs.org/tslib/-/tslib-2.1.0.tgz",
			"integrity": "sha512-hcVC3wYEziELGGmEEXue7D75zbwIIVUMWAVbHItGPx0ziyXxrOMQx4rQEVEV45Ut/1IotuEvwqPopzIOkDMf0A=="
		},
		"ui-select": {
			"version": "0.19.8",
			"resolved": "https://registry.npmjs.org/ui-select/-/ui-select-0.19.8.tgz",
			"integrity": "sha1-dIYISKf9i8SU2YVtL2J3bqmGN8E="
		}
	}
}
