{
	"name": "dev_share",
	"version": "1.0.0",
	"lockfileVersion": 1,
	"requires": true,
	"dependencies": {
		"@uirouter/angularjs": {
			"version": "1.0.29",
			"resolved": "https://registry.npmjs.org/@uirouter/angularjs/-/angularjs-1.0.29.tgz",
			"integrity": "sha512-RImWnBarNixkMto0o8stEaGwZmvhv5cnuOLXyMU2pY8MP2rgEF74ZNJTLeJCW14LR7XDUxVH8Mk8bPI6lxedmQ==",
			"requires": {
				"@uirouter/core": "6.0.7"
			}
		},
		"@uirouter/core": {
			"version": "6.0.7",
			"resolved": "https://registry.npmjs.org/@uirouter/core/-/core-6.0.7.tgz",
			"integrity": "sha512-KUTJxL+6q0PiBnFx4/Z+Hsyg0pSGiaW5yZQeJmUxknecjpTbnXkLU8H2EqRn9N2B+qDRa7Jg8RcgeNDPY72O1w=="
		},
		"angular": {
			"version": "1.8.2",
			"resolved": "https://registry.npmjs.org/angular/-/angular-1.8.2.tgz",
			"integrity": "sha512-IauMOej2xEe7/7Ennahkbb5qd/HFADiNuLSESz9Q27inmi32zB0lnAsFeLEWcox3Gd1F6YhNd1CP7/9IukJ0Gw=="
		},
		"angular-breadcrumb": {
			"version": "0.5.0",
			"resolved": "https://registry.npmjs.org/angular-breadcrumb/-/angular-breadcrumb-0.5.0.tgz",
			"integrity": "sha1-BYq+aYTxuC/2rDeIjvmvzLyPY7I="
		},
		"angular-file-upload": {
			"version": "2.6.1",
			"resolved": "https://registry.npmjs.org/angular-file-upload/-/angular-file-upload-2.6.1.tgz",
			"integrity": "sha512-DFWqoSTSRWSyywibJ5FGz4kjqohmF7ICPGhy0XqU0Wv2regIou9JJQr9XwtBlIF/65n8KJcbgKzL6Drmv8auYg=="
		},
		"angular-local-storage": {
			"version": "0.7.1",
			"resolved": "https://registry.npmjs.org/angular-local-storage/-/angular-local-storage-0.7.1.tgz",
			"integrity": "sha1-+9JzB2PCn6mvVyXgGGx4BiHozdI="
		},
		"angular-md5": {
			"version": "0.1.10",
			"resolved": "https://registry.npmjs.org/angular-md5/-/angular-md5-0.1.10.tgz",
			"integrity": "sha1-fLbH1cHQQB/+mHGhF4SfA8LMSGM="
		},
		"angular-messages": {
			"version": "1.8.2",
			"resolved": "https://registry.npmjs.org/angular-messages/-/angular-messages-1.8.2.tgz",
			"integrity": "sha512-M1qNh/30cLJi4yJJ+3YB8saPonRcavz5Dquqz0T/aUySKJhIkUoeCkmF+BcLH4SJ5PBp04yy4CZUUeNRVi7jZA=="
		},
		"angular-sanitize": {
			"version": "1.8.2",
			"resolved": "https://registry.npmjs.org/angular-sanitize/-/angular-sanitize-1.8.2.tgz",
			"integrity": "sha512-OB6Goa+QN3byf5asQ7XRl7DKZejm/F/ZOqa9z1skqYVOWA2hoBxoCmt9E7+i7T/TbxZP5zYzKxNZVVJNu860Hg=="
		},
		"angular-scroll": {
			"version": "1.0.2",
			"resolved": "https://registry.npmjs.org/angular-scroll/-/angular-scroll-1.0.2.tgz",
			"integrity": "sha1-J2j/NdvhzkDgw/vt1FNIiCmcPi0="
		},
		"angular-spinkit": {
			"version": "0.3.4",
			"resolved": "https://registry.npmjs.org/angular-spinkit/-/angular-spinkit-0.3.4.tgz",
			"integrity": "sha1-9EoTt4fPUlb/PJ67IyevMVEs5xU="
		},
		"angular-ui-bootstrap": {
			"version": "2.5.6",
			"resolved": "https://registry.npmjs.org/angular-ui-bootstrap/-/angular-ui-bootstrap-2.5.6.tgz",
			"integrity": "sha512-yzcHpPMLQl0232nDzm5P4iAFTFQ9dMw0QgFLuKYbDj9M0xJ62z0oudYD/Lvh1pWfRsukiytP4Xj6BHOSrSXP8A=="
		},
		"angular-ui-mask": {
			"version": "1.8.7",
			"resolved": "https://registry.npmjs.org/angular-ui-mask/-/angular-ui-mask-1.8.7.tgz",
			"integrity": "sha1-KTWugjRa3tYOe4yZfzkC37jtRls="
		},
		"angulartics-google-analytics": {
			"version": "0.1.4",
			"resolved": "https://registry.npmjs.org/angulartics-google-analytics/-/angulartics-google-analytics-0.1.4.tgz",
			"integrity": "sha1-Wl24ZpbOGuH55CJ585Wq7NQQT10="
		},
		"bootstrap": {
			"version": "4.6.0",
			"resolved": "https://registry.npmjs.org/bootstrap/-/bootstrap-4.6.0.tgz",
			"integrity": "sha512-Io55IuQY3kydzHtbGvQya3H+KorS/M9rSNyfCGCg9WZ4pyT/lCxIlpJgG1GXW/PswzC84Tr2fBYi+7+jFVQQBw=="
		},
		"bootstrap-additions": {
			"version": "0.3.1",
			"resolved": "https://registry.npmjs.org/bootstrap-additions/-/bootstrap-additions-0.3.1.tgz",
			"integrity": "sha1-mrl2wtiLmrdHw3bHV6gAMfLM+D4="
		},
		"bootstrap-datepicker": {
			"version": "1.9.0",
			"resolved": "https://registry.npmjs.org/bootstrap-datepicker/-/bootstrap-datepicker-1.9.0.tgz",
			"integrity": "sha512-9rYYbaVOheGYxjOr/+bJCmRPihfy+LkLSg4fIFMT9Od8WwWB/MB50w0JO1eBgKUMbb7PFHQD5uAfI3ArAxZRXA==",
			"requires": {
				"jquery": ">=1.7.1 <4.0.0"
			}
		},
		"bootstrap-icons": {
			"version": "1.4.1",
			"resolved": "https://registry.npmjs.org/bootstrap-icons/-/bootstrap-icons-1.4.1.tgz",
			"integrity": "sha512-EcATaAGsRgyy4NtnwXlNzkgWttpb6PqcXCoLtZZKdZtAYJU/WYqoQFxuGFKAppOlf7NmKpvGtSsC/921H7LIjg=="
		},
		"bootstrap-switch": {
			"version": "3.4.0",
			"resolved": "https://registry.npmjs.org/bootstrap-switch/-/bootstrap-switch-3.4.0.tgz",
			"integrity": "sha512-P4Qdx7mLjqgilKQeeuDCf8AHWeO7992+NFfh0doAA/ExaJqr02QFHhq18GL8EYd2XRviJ16pUUyMRsfOVaPEVg=="
		},
		"br-masks": {
			"version": "0.5.0",
			"resolved": "https://registry.npmjs.org/br-masks/-/br-masks-0.5.0.tgz",
			"integrity": "sha1-31aRoABFFSl4WNtbnwp91TGtldw=",
			"requires": {
				"string-mask": "^0.3.0"
			}
		},
		"br-validations": {
			"version": "0.3.1",
			"resolved": "https://registry.npmjs.org/br-validations/-/br-validations-0.3.1.tgz",
			"integrity": "sha1-TkWk4HStruorfgiLwON63pt2Nk0="
		},
		"font-awesome": {
			"version": "4.7.0",
			"resolved": "https://registry.npmjs.org/font-awesome/-/font-awesome-4.7.0.tgz",
			"integrity": "sha1-j6jPBBGhoxr9B7BtKQK7n8gVoTM="
		},
		"jquery": {
			"version": "1.9.1",
			"resolved": "https://registry.npmjs.org/jquery/-/jquery-1.9.1.tgz",
			"integrity": "sha1-5M1INfqu+63lNYV2E8D8P/KtrzQ="
		},
		"lodash": {
			"version": "4.17.21",
			"resolved": "https://registry.npmjs.org/lodash/-/lodash-4.17.21.tgz",
			"integrity": "sha512-v2kDEe57lecTulaDIuNTPy3Ry4gLGJ6Z1O3vE1krgXZNrsQ+LFTGHVxVjcXPs17LhbZVGedAJv8XZ1tvj5FvSg=="
		},
		"moment": {
			"version": "2.29.1",
			"resolved": "https://registry.npmjs.org/moment/-/moment-2.29.1.tgz",
			"integrity": "sha512-kHmoybcPV8Sqy59DwNDY3Jefr64lK/by/da0ViFcuA4DH0vQg5Q6Ze5VimxkfQNSC+Mls/Kx53s7TjP1RhFEDQ=="
		},
		"ng-busy": {
			"version": "11.0.0",
			"resolved": "https://registry.npmjs.org/ng-busy/-/ng-busy-11.0.0.tgz",
			"integrity": "sha512-t8aZsT9xvqfpzZI3iSEhBQYGlo7cRn6F5ekLBSsVKHNJ1Wm+1GhnZ+hxnWVnGEUag55hsyrRnXvMUAYWYYvY6g==",
			"requires": {
				"tslib": "^2.0.3"
			}
		},
		"restangular": {
			"version": "1.6.1",
			"resolved": "https://registry.npmjs.org/restangular/-/restangular-1.6.1.tgz",
			"integrity": "sha1-rdF0PyfXewuKZS5khadgtiNO0CQ=",
			"requires": {
				"lodash": "~4.17.0"
			}
		},
		"string-mask": {
			"version": "0.3.0",
			"resolved": "https://registry.npmjs.org/string-mask/-/string-mask-0.3.0.tgz",
			"integrity": "sha1-nnJEuHuy9vlkfirJj5b6GlfCEZg="
		},
		"tslib": {
			"version": "2.1.0",
			"resolved": "https://registry.npmjs.org/tslib/-/tslib-2.1.0.tgz",
			"integrity": "sha512-hcVC3wYEziELGGmEEXue7D75zbwIIVUMWAVbHItGPx0ziyXxrOMQx4rQEVEV45Ut/1IotuEvwqPopzIOkDMf0A=="
		}
	}
}
